
Microsoft Visual Studio Solution File, Format Version 12.00
# Visual Studio Version 17
VisualStudioVersion = 17.6.33712.159
MinimumVisualStudioVersion = 10.0.40219.1
Project("{FAE04EC0-301F-11D3-BF4B-00C04F79EFBC}") = "lesson 18", "lesson 18\lesson 18.csproj", "{936AB11F-66D6-47C2-B55E-B50FB32956E9}"
EndProject
Global
	GlobalSection(SolutionConfigurationPlatforms) = preSolution
		Debug|Any CPU = Debug|Any CPU
		Release|Any CPU = Release|Any CPU
	EndGlobalSection
	GlobalSection(ProjectConfigurationPlatforms) = postSolution
		{936AB11F-66D6-47C2-B55E-B50FB32956E9}.Debug|Any CPU.ActiveCfg = Debug|Any CPU
		{936AB11F-66D6-47C2-B55E-B50FB32956E9}.Debug|Any CPU.Build.0 = Debug|Any CPU
		{936AB11F-66D6-47C2-B55E-B50FB32956E9}.Release|Any CPU.ActiveCfg = Release|Any CPU
		{936AB11F-66D6-47C2-B55E-B50FB32956E9}.Release|Any CPU.Build.0 = Release|Any CPU
	EndGlobalSection
	GlobalSection(SolutionProperties) = preSolution
		HideSolutionNode = FALSE
	EndGlobalSection
	GlobalSection(ExtensibilityGlobals) = postSolution
		SolutionGuid = {BAECA93C-7CDD-4160-93CD-33FB27D35EAC}
	EndGlobalSection
EndGlobal
